// !$*UTF8*$!
{
	archiveVersion = 1;
	classes = {
	};
	objectVersion = 46;
	objects = {

/* Begin PBXBuildFile section */
		8B4B84551F449157003486C7 /* CustomTableViewCell.swift in Sources */ = {isa = PBXBuildFile; fileRef = 8B4B84541F449157003486C7 /* CustomTableViewCell.swift */; };
		8B4B84611F44A2A8003486C7 /* p1.gif in Resources */ = {isa = PBXBuildFile; fileRef = 8B4B845F1F44A2A8003486C7 /* p1.gif */; };
		8B4B84621F44A2A8003486C7 /* p1b.gif in Resources */ = {isa = PBXBuildFile; fileRef = 8B4B84601F44A2A8003486C7 /* p1b.gif */; };
		8B535C421F4226E700DE9B68 /* LaunchScreen.storyboard in Resources */ = {isa = PBXBuildFile; fileRef = 8B535C411F4226E700DE9B68 /* LaunchScreen.storyboard */; };
		8B535C461F42283C00DE9B68 /* Main.storyboard in Resources */ = {isa = PBXBuildFile; fileRef = 8B535C451F42283C00DE9B68 /* Main.storyboard */; };
		8B535C481F42285300DE9B68 /* MainTabBarViewController.swift in Sources */ = {isa = PBXBuildFile; fileRef = 8B535C471F42285300DE9B68 /* MainTabBarViewController.swift */; };
		8B535C4A1F4228DB00DE9B68 /* Constants.swift in Sources */ = {isa = PBXBuildFile; fileRef = 8B535C491F4228DB00DE9B68 /* Constants.swift */; };
		8B535C4D1F422A2B00DE9B68 /* Timer.storyboard in Resources */ = {isa = PBXBuildFile; fileRef = 8B535C4C1F422A2A00DE9B68 /* Timer.storyboard */; };
		8B535C4F1F422A3600DE9B68 /* TimerViewController.swift in Sources */ = {isa = PBXBuildFile; fileRef = 8B535C4E1F422A3600DE9B68 /* TimerViewController.swift */; };
		8B535C511F422A3E00DE9B68 /* Permutations.storyboard in Resources */ = {isa = PBXBuildFile; fileRef = 8B535C501F422A3E00DE9B68 /* Permutations.storyboard */; };
		8B535C531F422A4800DE9B68 /* PermutationsViewController.swift in Sources */ = {isa = PBXBuildFile; fileRef = 8B535C521F422A4800DE9B68 /* PermutationsViewController.swift */; };
		8B535C571F42315900DE9B68 /* F2L.storyboard in Resources */ = {isa = PBXBuildFile; fileRef = 8B535C561F42315900DE9B68 /* F2L.storyboard */; };
		8B535C591F42316500DE9B68 /* F2LViewController.swift in Sources */ = {isa = PBXBuildFile; fileRef = 8B535C581F42316500DE9B68 /* F2LViewController.swift */; };
		8B535C5B1F42316C00DE9B68 /* OrientationsViewController.swift in Sources */ = {isa = PBXBuildFile; fileRef = 8B535C5A1F42316C00DE9B68 /* OrientationsViewController.swift */; };
		8B535C5D1F42317800DE9B68 /* Orientations.storyboard in Resources */ = {isa = PBXBuildFile; fileRef = 8B535C5C1F42317800DE9B68 /* Orientations.storyboard */; };
		8BEC8BC51F41F08A00D26EF0 /* AppDelegate.swift in Sources */ = {isa = PBXBuildFile; fileRef = 8BEC8BC41F41F08A00D26EF0 /* AppDelegate.swift */; };
		8BEC8BCE1F41F08A00D26EF0 /* Assets.xcassets in Resources */ = {isa = PBXBuildFile; fileRef = 8BEC8BCD1F41F08A00D26EF0 /* Assets.xcassets */; };
/* End PBXBuildFile section */

/* Begin PBXFileReference section */
		8B4B84541F449157003486C7 /* CustomTableViewCell.swift */ = {isa = PBXFileReference; fileEncoding = 4; lastKnownFileType = sourcecode.swift; path = CustomTableViewCell.swift; sourceTree = "<group>"; };
		8B4B845F1F44A2A8003486C7 /* p1.gif */ = {isa = PBXFileReference; lastKnownFileType = image.gif; name = p1.gif; path = images/permutations/p1.gif; sourceTree = "<group>"; };
		8B4B84601F44A2A8003486C7 /* p1b.gif */ = {isa = PBXFileReference; lastKnownFileType = image.gif; name = p1b.gif; path = images/permutations/p1b.gif; sourceTree = "<group>"; };
		8B535C411F4226E700DE9B68 /* LaunchScreen.storyboard */ = {isa = PBXFileReference; fileEncoding = 4; lastKnownFileType = file.storyboard; path = LaunchScreen.storyboard; sourceTree = "<group>"; };
		8B535C451F42283C00DE9B68 /* Main.storyboard */ = {isa = PBXFileReference; fileEncoding = 4; lastKnownFileType = file.storyboard; path = Main.storyboard; sourceTree = "<group>"; };
		8B535C471F42285300DE9B68 /* MainTabBarViewController.swift */ = {isa = PBXFileReference; fileEncoding = 4; lastKnownFileType = sourcecode.swift; path = MainTabBarViewController.swift; sourceTree = "<group>"; };
		8B535C491F4228DB00DE9B68 /* Constants.swift */ = {isa = PBXFileReference; fileEncoding = 4; lastKnownFileType = sourcecode.swift; path = Constants.swift; sourceTree = "<group>"; };
		8B535C4C1F422A2A00DE9B68 /* Timer.storyboard */ = {isa = PBXFileReference; fileEncoding = 4; lastKnownFileType = file.storyboard; path = Timer.storyboard; sourceTree = "<group>"; };
		8B535C4E1F422A3600DE9B68 /* TimerViewController.swift */ = {isa = PBXFileReference; fileEncoding = 4; lastKnownFileType = sourcecode.swift; path = TimerViewController.swift; sourceTree = "<group>"; };
		8B535C501F422A3E00DE9B68 /* Permutations.storyboard */ = {isa = PBXFileReference; fileEncoding = 4; lastKnownFileType = file.storyboard; path = Permutations.storyboard; sourceTree = "<group>"; };
		8B535C521F422A4800DE9B68 /* PermutationsViewController.swift */ = {isa = PBXFileReference; fileEncoding = 4; lastKnownFileType = sourcecode.swift; path = PermutationsViewController.swift; sourceTree = "<group>"; };
		8B535C561F42315900DE9B68 /* F2L.storyboard */ = {isa = PBXFileReference; fileEncoding = 4; lastKnownFileType = file.storyboard; path = F2L.storyboard; sourceTree = "<group>"; };
		8B535C581F42316500DE9B68 /* F2LViewController.swift */ = {isa = PBXFileReference; fileEncoding = 4; lastKnownFileType = sourcecode.swift; path = F2LViewController.swift; sourceTree = "<group>"; };
		8B535C5A1F42316C00DE9B68 /* OrientationsViewController.swift */ = {isa = PBXFileReference; fileEncoding = 4; lastKnownFileType = sourcecode.swift; path = OrientationsViewController.swift; sourceTree = "<group>"; };
		8B535C5C1F42317800DE9B68 /* Orientations.storyboard */ = {isa = PBXFileReference; fileEncoding = 4; lastKnownFileType = file.storyboard; path = Orientations.storyboard; sourceTree = "<group>"; };
		8BEC8BC11F41F08A00D26EF0 /* Algorithms.app */ = {isa = PBXFileReference; explicitFileType = wrapper.application; includeInIndex = 0; path = Algorithms.app; sourceTree = BUILT_PRODUCTS_DIR; };
		8BEC8BC41F41F08A00D26EF0 /* AppDelegate.swift */ = {isa = PBXFileReference; lastKnownFileType = sourcecode.swift; path = AppDelegate.swift; sourceTree = "<group>"; };
		8BEC8BCD1F41F08A00D26EF0 /* Assets.xcassets */ = {isa = PBXFileReference; lastKnownFileType = folder.assetcatalog; path = Assets.xcassets; sourceTree = "<group>"; };
		8BEC8BD21F41F08A00D26EF0 /* Info.plist */ = {isa = PBXFileReference; lastKnownFileType = text.plist.xml; path = Info.plist; sourceTree = "<group>"; };
/* End PBXFileReference section */

/* Begin PBXFrameworksBuildPhase section */
		8BEC8BBE1F41F08A00D26EF0 /* Frameworks */ = {
			isa = PBXFrameworksBuildPhase;
			buildActionMask = 2147483647;
			files = (
			);
			runOnlyForDeploymentPostprocessing = 0;
		};
/* End PBXFrameworksBuildPhase section */

/* Begin PBXGroup section */
		8B4B84581F44A067003486C7 /* Permutation Images */ = {
			isa = PBXGroup;
			children = (
				8B4B845F1F44A2A8003486C7 /* p1.gif */,
				8B4B84601F44A2A8003486C7 /* p1b.gif */,
			);
			name = "Permutation Images";
			sourceTree = "<group>";
		};
		8B535C3B1F42262200DE9B68 /* Components */ = {
			isa = PBXGroup;
			children = (
			);
			name = Components;
			sourceTree = "<group>";
		};
		8B535C3D1F42263400DE9B68 /* Constants */ = {
			isa = PBXGroup;
			children = (
				8B535C491F4228DB00DE9B68 /* Constants.swift */,
			);
			name = Constants;
			sourceTree = "<group>";
		};
		8B535C3E1F42263800DE9B68 /* Storyboard */ = {
			isa = PBXGroup;
			children = (
				8B535C401F4226D600DE9B68 /* LaunchScreen */,
				8B535C431F4227D200DE9B68 /* Main */,
				8B535C441F4227E400DE9B68 /* Timer */,
				8B535C541F42313400DE9B68 /* F2L */,
				8B535C551F42314100DE9B68 /* Orientations */,
				8B535C4B1F42291700DE9B68 /* Permutations */,
				8B535C3F1F4226A500DE9B68 /* Resources */,
			);
			name = Storyboard;
			sourceTree = "<group>";
		};
		8B535C3F1F4226A500DE9B68 /* Resources */ = {
			isa = PBXGroup;
			children = (
				8B4B84581F44A067003486C7 /* Permutation Images */,
				8BEC8BCD1F41F08A00D26EF0 /* Assets.xcassets */,
			);
			name = Resources;
			sourceTree = "<group>";
		};
		8B535C401F4226D600DE9B68 /* LaunchScreen */ = {
			isa = PBXGroup;
			children = (
				8B535C411F4226E700DE9B68 /* LaunchScreen.storyboard */,
			);
			name = LaunchScreen;
			sourceTree = "<group>";
		};
		8B535C431F4227D200DE9B68 /* Main */ = {
			isa = PBXGroup;
			children = (
				8B535C451F42283C00DE9B68 /* Main.storyboard */,
				8B535C471F42285300DE9B68 /* MainTabBarViewController.swift */,
			);
			name = Main;
			sourceTree = "<group>";
		};
		8B535C441F4227E400DE9B68 /* Timer */ = {
			isa = PBXGroup;
			children = (
				8B535C4C1F422A2A00DE9B68 /* Timer.storyboard */,
				8B535C4E1F422A3600DE9B68 /* TimerViewController.swift */,
			);
			name = Timer;
			sourceTree = "<group>";
		};
		8B535C4B1F42291700DE9B68 /* Permutations */ = {
			isa = PBXGroup;
			children = (
				8B535C501F422A3E00DE9B68 /* Permutations.storyboard */,
				8B535C521F422A4800DE9B68 /* PermutationsViewController.swift */,
				8B4B84541F449157003486C7 /* CustomTableViewCell.swift */,
			);
			name = Permutations;
			sourceTree = "<group>";
		};
		8B535C541F42313400DE9B68 /* F2L */ = {
			isa = PBXGroup;
			children = (
				8B535C561F42315900DE9B68 /* F2L.storyboard */,
				8B535C581F42316500DE9B68 /* F2LViewController.swift */,
			);
			name = F2L;
			sourceTree = "<group>";
		};
		8B535C551F42314100DE9B68 /* Orientations */ = {
			isa = PBXGroup;
			children = (
				8B535C5C1F42317800DE9B68 /* Orientations.storyboard */,
				8B535C5A1F42316C00DE9B68 /* OrientationsViewController.swift */,
			);
			name = Orientations;
			sourceTree = "<group>";
		};
		8BEC8BB81F41F08A00D26EF0 = {
			isa = PBXGroup;
			children = (
				8BEC8BC31F41F08A00D26EF0 /* Algorithms */,
				8BEC8BC21F41F08A00D26EF0 /* Products */,
			);
			sourceTree = "<group>";
		};
		8BEC8BC21F41F08A00D26EF0 /* Products */ = {
			isa = PBXGroup;
			children = (
				8BEC8BC11F41F08A00D26EF0 /* Algorithms.app */,
			);
			name = Products;
			sourceTree = "<group>";
		};
		8BEC8BC31F41F08A00D26EF0 /* Algorithms */ = {
			isa = PBXGroup;
			children = (
				8B535C3B1F42262200DE9B68 /* Components */,
				8B535C3D1F42263400DE9B68 /* Constants */,
				8B535C3E1F42263800DE9B68 /* Storyboard */,
				8BEC8BC41F41F08A00D26EF0 /* AppDelegate.swift */,
				8BEC8BD21F41F08A00D26EF0 /* Info.plist */,
			);
			path = Algorithms;
			sourceTree = "<group>";
		};
/* End PBXGroup section */

/* Begin PBXNativeTarget section */
		8BEC8BC01F41F08A00D26EF0 /* Algorithms */ = {
			isa = PBXNativeTarget;
			buildConfigurationList = 8BEC8BD51F41F08A00D26EF0 /* Build configuration list for PBXNativeTarget "Algorithms" */;
			buildPhases = (
				8BEC8BBD1F41F08A00D26EF0 /* Sources */,
				8BEC8BBE1F41F08A00D26EF0 /* Frameworks */,
				8BEC8BBF1F41F08A00D26EF0 /* Resources */,
			);
			buildRules = (
			);
			dependencies = (
			);
			name = Algorithms;
			productName = Algorithms;
			productReference = 8BEC8BC11F41F08A00D26EF0 /* Algorithms.app */;
			productType = "com.apple.product-type.application";
		};
/* End PBXNativeTarget section */

/* Begin PBXProject section */
		8BEC8BB91F41F08A00D26EF0 /* Project object */ = {
			isa = PBXProject;
			attributes = {
				LastSwiftUpdateCheck = 0830;
				LastUpgradeCheck = 0830;
				ORGANIZATIONNAME = Lawrencium;
				TargetAttributes = {
					8BEC8BC01F41F08A00D26EF0 = {
						CreatedOnToolsVersion = 8.3.3;
						DevelopmentTeam = S79Q4D69DN;
						ProvisioningStyle = Automatic;
					};
				};
			};
			buildConfigurationList = 8BEC8BBC1F41F08A00D26EF0 /* Build configuration list for PBXProject "Algorithms" */;
			compatibilityVersion = "Xcode 3.2";
			developmentRegion = English;
			hasScannedForEncodings = 0;
			knownRegions = (
				en,
				Base,
			);
			mainGroup = 8BEC8BB81F41F08A00D26EF0;
			productRefGroup = 8BEC8BC21F41F08A00D26EF0 /* Products */;
			projectDirPath = "";
			projectRoot = "";
			targets = (
				8BEC8BC01F41F08A00D26EF0 /* Algorithms */,
			);
		};
/* End PBXProject section */

/* Begin PBXResourcesBuildPhase section */
		8BEC8BBF1F41F08A00D26EF0 /* Resources */ = {
			isa = PBXResourcesBuildPhase;
			buildActionMask = 2147483647;
			files = (
				8B535C511F422A3E00DE9B68 /* Permutations.storyboard in Resources */,
				8B535C4D1F422A2B00DE9B68 /* Timer.storyboard in Resources */,
				8B535C461F42283C00DE9B68 /* Main.storyboard in Resources */,
				8B4B84611F44A2A8003486C7 /* p1.gif in Resources */,
				8B535C5D1F42317800DE9B68 /* Orientations.storyboard in Resources */,
				8B535C571F42315900DE9B68 /* F2L.storyboard in Resources */,
				8B4B84621F44A2A8003486C7 /* p1b.gif in Resources */,
				8BEC8BCE1F41F08A00D26EF0 /* Assets.xcassets in Resources */,
				8B535C421F4226E700DE9B68 /* LaunchScreen.storyboard in Resources */,
			);
			runOnlyForDeploymentPostprocessing = 0;
		};
/* End PBXResourcesBuildPhase section */

/* Begin PBXSourcesBuildPhase section */
		8BEC8BBD1F41F08A00D26EF0 /* Sources */ = {
			isa = PBXSourcesBuildPhase;
			buildActionMask = 2147483647;
			files = (
				8B535C531F422A4800DE9B68 /* PermutationsViewController.swift in Sources */,
				8B535C4F1F422A3600DE9B68 /* TimerViewController.swift in Sources */,
				8B4B84551F449157003486C7 /* CustomTableViewCell.swift in Sources */,
				8B535C5B1F42316C00DE9B68 /* OrientationsViewController.swift in Sources */,
				8BEC8BC51F41F08A00D26EF0 /* AppDelegate.swift in Sources */,
				8B535C591F42316500DE9B68 /* F2LViewController.swift in Sources */,
				8B535C481F42285300DE9B68 /* MainTabBarViewController.swift in Sources */,
				8B535C4A1F4228DB00DE9B68 /* Constants.swift in Sources */,
			);
			runOnlyForDeploymentPostprocessing = 0;
		};
/* End PBXSourcesBuildPhase section */

/* Begin XCBuildConfiguration section */
		8BEC8BD31F41F08A00D26EF0 /* Debug */ = {
			isa = XCBuildConfiguration;
			buildSettings = {
				ALWAYS_SEARCH_USER_PATHS = NO;
				CLANG_ANALYZER_NONNULL = YES;
				CLANG_ANALYZER_NUMBER_OBJECT_CONVERSION = YES_AGGRESSIVE;
				CLANG_CXX_LANGUAGE_STANDARD = "gnu++0x";
				CLANG_CXX_LIBRARY = "libc++";
				CLANG_ENABLE_MODULES = YES;
				CLANG_ENABLE_OBJC_ARC = YES;
				CLANG_WARN_BOOL_CONVERSION = YES;
				CLANG_WARN_CONSTANT_CONVERSION = YES;
				CLANG_WARN_DIRECT_OBJC_ISA_USAGE = YES_ERROR;
				CLANG_WARN_DOCUMENTATION_COMMENTS = YES;
				CLANG_WARN_EMPTY_BODY = YES;
				CLANG_WARN_ENUM_CONVERSION = YES;
				CLANG_WARN_INFINITE_RECURSION = YES;
				CLANG_WARN_INT_CONVERSION = YES;
				CLANG_WARN_OBJC_ROOT_CLASS = YES_ERROR;
				CLANG_WARN_SUSPICIOUS_MOVE = YES;
				CLANG_WARN_UNREACHABLE_CODE = YES;
				CLANG_WARN__DUPLICATE_METHOD_MATCH = YES;
				"CODE_SIGN_IDENTITY[sdk=iphoneos*]" = "iPhone Developer";
				COPY_PHASE_STRIP = NO;
				DEBUG_INFORMATION_FORMAT = dwarf;
				ENABLE_STRICT_OBJC_MSGSEND = YES;
				ENABLE_TESTABILITY = YES;
				GCC_C_LANGUAGE_STANDARD = gnu99;
				GCC_DYNAMIC_NO_PIC = NO;
				GCC_NO_COMMON_BLOCKS = YES;
				GCC_OPTIMIZATION_LEVEL = 0;
				GCC_PREPROCESSOR_DEFINITIONS = (
					"DEBUG=1",
					"$(inherited)",
				);
				GCC_WARN_64_TO_32_BIT_CONVERSION = YES;
				GCC_WARN_ABOUT_RETURN_TYPE = YES_ERROR;
				GCC_WARN_UNDECLARED_SELECTOR = YES;
				GCC_WARN_UNINITIALIZED_AUTOS = YES_AGGRESSIVE;
				GCC_WARN_UNUSED_FUNCTION = YES;
				GCC_WARN_UNUSED_VARIABLE = YES;
				IPHONEOS_DEPLOYMENT_TARGET = 10.3;
				MTL_ENABLE_DEBUG_INFO = YES;
				ONLY_ACTIVE_ARCH = YES;
				SDKROOT = iphoneos;
				SWIFT_ACTIVE_COMPILATION_CONDITIONS = DEBUG;
				SWIFT_OPTIMIZATION_LEVEL = "-Onone";
			};
			name = Debug;
		};
		8BEC8BD41F41F08A00D26EF0 /* Release */ = {
			isa = XCBuildConfiguration;
			buildSettings = {
				ALWAYS_SEARCH_USER_PATHS = NO;
				CLANG_ANALYZER_NONNULL = YES;
				CLANG_ANALYZER_NUMBER_OBJECT_CONVERSION = YES_AGGRESSIVE;
				CLANG_CXX_LANGUAGE_STANDARD = "gnu++0x";
				CLANG_CXX_LIBRARY = "libc++";
				CLANG_ENABLE_MODULES = YES;
				CLANG_ENABLE_OBJC_ARC = YES;
				CLANG_WARN_BOOL_CONVERSION = YES;
				CLANG_WARN_CONSTANT_CONVERSION = YES;
				CLANG_WARN_DIRECT_OBJC_ISA_USAGE = YES_ERROR;
				CLANG_WARN_DOCUMENTATION_COMMENTS = YES;
				CLANG_WARN_EMPTY_BODY = YES;
				CLANG_WARN_ENUM_CONVERSION = YES;
				CLANG_WARN_INFINITE_RECURSION = YES;
				CLANG_WARN_INT_CONVERSION = YES;
				CLANG_WARN_OBJC_ROOT_CLASS = YES_ERROR;
				CLANG_WARN_SUSPICIOUS_MOVE = YES;
				CLANG_WARN_UNREACHABLE_CODE = YES;
				CLANG_WARN__DUPLICATE_METHOD_MATCH = YES;
				"CODE_SIGN_IDENTITY[sdk=iphoneos*]" = "iPhone Developer";
				COPY_PHASE_STRIP = NO;
				DEBUG_INFORMATION_FORMAT = "dwarf-with-dsym";
				ENABLE_NS_ASSERTIONS = NO;
				ENABLE_STRICT_OBJC_MSGSEND = YES;
				GCC_C_LANGUAGE_STANDARD = gnu99;
				GCC_NO_COMMON_BLOCKS = YES;
				GCC_WARN_64_TO_32_BIT_CONVERSION = YES;
				GCC_WARN_ABOUT_RETURN_TYPE = YES_ERROR;
				GCC_WARN_UNDECLARED_SELECTOR = YES;
				GCC_WARN_UNINITIALIZED_AUTOS = YES_AGGRESSIVE;
				GCC_WARN_UNUSED_FUNCTION = YES;
				GCC_WARN_UNUSED_VARIABLE = YES;
				IPHONEOS_DEPLOYMENT_TARGET = 10.3;
				MTL_ENABLE_DEBUG_INFO = NO;
				SDKROOT = iphoneos;
				SWIFT_OPTIMIZATION_LEVEL = "-Owholemodule";
				VALIDATE_PRODUCT = YES;
			};
			name = Release;
		};
		8BEC8BD61F41F08A00D26EF0 /* Debug */ = {
			isa = XCBuildConfiguration;
			buildSettings = {
				ASSETCATALOG_COMPILER_APPICON_NAME = AppIcon;
				DEVELOPMENT_TEAM = S79Q4D69DN;
				INFOPLIST_FILE = Algorithms/Info.plist;
				LD_RUNPATH_SEARCH_PATHS = "$(inherited) @executable_path/Frameworks";
				PRODUCT_BUNDLE_IDENTIFIER = com.lawrencium.Algorithms;
				PRODUCT_NAME = "$(TARGET_NAME)";
				SWIFT_VERSION = 3.0;
			};
			name = Debug;
		};
		8BEC8BD71F41F08A00D26EF0 /* Release */ = {
			isa = XCBuildConfiguration;
			buildSettings = {
				ASSETCATALOG_COMPILER_APPICON_NAME = AppIcon;
				DEVELOPMENT_TEAM = S79Q4D69DN;
				INFOPLIST_FILE = Algorithms/Info.plist;
				LD_RUNPATH_SEARCH_PATHS = "$(inherited) @executable_path/Frameworks";
				PRODUCT_BUNDLE_IDENTIFIER = com.lawrencium.Algorithms;
				PRODUCT_NAME = "$(TARGET_NAME)";
				SWIFT_VERSION = 3.0;
			};
			name = Release;
		};
/* End XCBuildConfiguration section */

/* Begin XCConfigurationList section */
		8BEC8BBC1F41F08A00D26EF0 /* Build configuration list for PBXProject "Algorithms" */ = {
			isa = XCConfigurationList;
			buildConfigurations = (
				8BEC8BD31F41F08A00D26EF0 /* Debug */,
				8BEC8BD41F41F08A00D26EF0 /* Release */,
			);
			defaultConfigurationIsVisible = 0;
			defaultConfigurationName = Release;
		};
		8BEC8BD51F41F08A00D26EF0 /* Build configuration list for PBXNativeTarget "Algorithms" */ = {
			isa = XCConfigurationList;
			buildConfigurations = (
				8BEC8BD61F41F08A00D26EF0 /* Debug */,
				8BEC8BD71F41F08A00D26EF0 /* Release */,
			);
			defaultConfigurationIsVisible = 0;
			defaultConfigurationName = Release;
		};
/* End XCConfigurationList section */
	};
	rootObject = 8BEC8BB91F41F08A00D26EF0 /* Project object */;
}
